
Microsoft Visual Studio Solution File, Format Version 12.00
# Visual Studio 15
VisualStudioVersion = 15.0.27130.2020
MinimumVisualStudioVersion = 10.0.40219.1
Project("{FAE04EC0-301F-11D3-BF4B-00C04F79EFBC}") = "WebAPI", "WebAPI\WebAPI.csproj", "{D44ED811-4408-4E80-B39B-7DD49A509EB2}"
EndProject
Project("{FAE04EC0-301F-11D3-BF4B-00C04F79EFBC}") = "RS485Light", "RS485Light\RS485Light.csproj", "{6F3DE7F3-3DEA-41C3-BFDC-D51F23C883D6}"
EndProject
Project("{FAE04EC0-301F-11D3-BF4B-00C04F79EFBC}") = "RS486LightTest", "RS486LightTest\RS486LightTest.csproj", "{191AFFE2-DBC0-4694-8026-2AF6E54E4F50}"
EndProject
Global
	GlobalSection(SolutionConfigurationPlatforms) = preSolution
		Debug|Any CPU = Debug|Any CPU
		Release|Any CPU = Release|Any CPU
	EndGlobalSection
	GlobalSection(ProjectConfigurationPlatforms) = postSolution
		{D44ED811-4408-4E80-B39B-7DD49A509EB2}.Debug|Any CPU.ActiveCfg = Debug|Any CPU
		{D44ED811-4408-4E80-B39B-7DD49A509EB2}.Debug|Any CPU.Build.0 = Debug|Any CPU
		{D44ED811-4408-4E80-B39B-7DD49A509EB2}.Release|Any CPU.ActiveCfg = Release|Any CPU
		{D44ED811-4408-4E80-B39B-7DD49A509EB2}.Release|Any CPU.Build.0 = Release|Any CPU
		{6F3DE7F3-3DEA-41C3-BFDC-D51F23C883D6}.Debug|Any CPU.ActiveCfg = Debug|Any CPU
		{6F3DE7F3-3DEA-41C3-BFDC-D51F23C883D6}.Debug|Any CPU.Build.0 = Debug|Any CPU
		{6F3DE7F3-3DEA-41C3-BFDC-D51F23C883D6}.Release|Any CPU.ActiveCfg = Release|Any CPU
		{6F3DE7F3-3DEA-41C3-BFDC-D51F23C883D6}.Release|Any CPU.Build.0 = Release|Any CPU
		{191AFFE2-DBC0-4694-8026-2AF6E54E4F50}.Debug|Any CPU.ActiveCfg = Debug|Any CPU
		{191AFFE2-DBC0-4694-8026-2AF6E54E4F50}.Debug|Any CPU.Build.0 = Debug|Any CPU
		{191AFFE2-DBC0-4694-8026-2AF6E54E4F50}.Release|Any CPU.ActiveCfg = Release|Any CPU
		{191AFFE2-DBC0-4694-8026-2AF6E54E4F50}.Release|Any CPU.Build.0 = Release|Any CPU
	EndGlobalSection
	GlobalSection(SolutionProperties) = preSolution
		HideSolutionNode = FALSE
	EndGlobalSection
	GlobalSection(ExtensibilityGlobals) = postSolution
		SolutionGuid = {D70E197C-D6DA-4D76-9E7D-BFC1ED9F0229}
	EndGlobalSection
EndGlobal
